
Microsoft Visual Studio Solution File, Format Version 12.00
# Visual Studio Version 17
VisualStudioVersion = 17.8.34330.188
MinimumVisualStudioVersion = 10.0.40219.1
Project("{9A19103F-16F7-4668-BE54-9A1E7A4F7556}") = "Sales.Dominio", "Sales.Dominio\Sales.Dominio.csproj", "{03B2291E-0DB8-4845-AA3C-CDC804BBC4A6}"
EndProject
Project("{9A19103F-16F7-4668-BE54-9A1E7A4F7556}") = "Sales.Infraestructura", "Sales.infraestructura\Sales.Infraestructura.csproj", "{CDD41F35-DE75-44DF-9929-FA673E5DDA7C}"
EndProject
Project("{9A19103F-16F7-4668-BE54-9A1E7A4F7556}") = "Sales.AplicacionCasosDEusos", "Sales.AplicacionCasosDEusos\Sales.AplicacionCasosDEusos.csproj", "{3B382EDF-48C0-41B3-A014-E357F12EF31E}"
EndProject
Project("{9A19103F-16F7-4668-BE54-9A1E7A4F7556}") = "Sales.Web", "SalesWeb\Sales.Web.csproj", "{96C3A0EE-2C2D-4076-88F6-273549BD021F}"
EndProject
Project("{9A19103F-16F7-4668-BE54-9A1E7A4F7556}") = "Sales.Api", "Sales.Api\Sales.Api.csproj", "{E307D3BA-DE9F-436B-AF36-F5A35E75DFE4}"
EndProject
Project("{9A19103F-16F7-4668-BE54-9A1E7A4F7556}") = "Sales.PruebasUnitarias", "Sales.PruebasUnitarias\Sales.PruebasUnitarias.csproj", "{B431E0CA-8086-4365-BDAD-BD38047AA266}"
EndProject
Project("{9A19103F-16F7-4668-BE54-9A1E7A4F7556}") = "Sales.PruebaDeIntegracion", "Sales.PruebaDeIntegracion\Sales.PruebaDeIntegracion.csproj", "{0BEF0C83-0497-493B-8EF5-8AE3DF017D97}"
EndProject
Project("{9A19103F-16F7-4668-BE54-9A1E7A4F7556}") = "Sales.ManejoDependencia", "Sales.ManejoDependencia\Sales.ManejoDependencia.csproj", "{C8854A50-A9BA-445B-968F-56A8030DD3DE}"
EndProject
Global
	GlobalSection(SolutionConfigurationPlatforms) = preSolution
		Debug|Any CPU = Debug|Any CPU
		Release|Any CPU = Release|Any CPU
	EndGlobalSection
	GlobalSection(ProjectConfigurationPlatforms) = postSolution
		{03B2291E-0DB8-4845-AA3C-CDC804BBC4A6}.Debug|Any CPU.ActiveCfg = Debug|Any CPU
		{03B2291E-0DB8-4845-AA3C-CDC804BBC4A6}.Debug|Any CPU.Build.0 = Debug|Any CPU
		{03B2291E-0DB8-4845-AA3C-CDC804BBC4A6}.Release|Any CPU.ActiveCfg = Release|Any CPU
		{03B2291E-0DB8-4845-AA3C-CDC804BBC4A6}.Release|Any CPU.Build.0 = Release|Any CPU
		{CDD41F35-DE75-44DF-9929-FA673E5DDA7C}.Debug|Any CPU.ActiveCfg = Debug|Any CPU
		{CDD41F35-DE75-44DF-9929-FA673E5DDA7C}.Debug|Any CPU.Build.0 = Debug|Any CPU
		{CDD41F35-DE75-44DF-9929-FA673E5DDA7C}.Release|Any CPU.ActiveCfg = Release|Any CPU
		{CDD41F35-DE75-44DF-9929-FA673E5DDA7C}.Release|Any CPU.Build.0 = Release|Any CPU
		{3B382EDF-48C0-41B3-A014-E357F12EF31E}.Debug|Any CPU.ActiveCfg = Debug|Any CPU
		{3B382EDF-48C0-41B3-A014-E357F12EF31E}.Debug|Any CPU.Build.0 = Debug|Any CPU
		{3B382EDF-48C0-41B3-A014-E357F12EF31E}.Release|Any CPU.ActiveCfg = Release|Any CPU
		{3B382EDF-48C0-41B3-A014-E357F12EF31E}.Release|Any CPU.Build.0 = Release|Any CPU
		{96C3A0EE-2C2D-4076-88F6-273549BD021F}.Debug|Any CPU.ActiveCfg = Debug|Any CPU
		{96C3A0EE-2C2D-4076-88F6-273549BD021F}.Debug|Any CPU.Build.0 = Debug|Any CPU
		{96C3A0EE-2C2D-4076-88F6-273549BD021F}.Release|Any CPU.ActiveCfg = Release|Any CPU
		{96C3A0EE-2C2D-4076-88F6-273549BD021F}.Release|Any CPU.Build.0 = Release|Any CPU
		{E307D3BA-DE9F-436B-AF36-F5A35E75DFE4}.Debug|Any CPU.ActiveCfg = Debug|Any CPU
		{E307D3BA-DE9F-436B-AF36-F5A35E75DFE4}.Debug|Any CPU.Build.0 = Debug|Any CPU
		{E307D3BA-DE9F-436B-AF36-F5A35E75DFE4}.Release|Any CPU.ActiveCfg = Release|Any CPU
		{E307D3BA-DE9F-436B-AF36-F5A35E75DFE4}.Release|Any CPU.Build.0 = Release|Any CPU
		{B431E0CA-8086-4365-BDAD-BD38047AA266}.Debug|Any CPU.ActiveCfg = Debug|Any CPU
		{B431E0CA-8086-4365-BDAD-BD38047AA266}.Debug|Any CPU.Build.0 = Debug|Any CPU
		{B431E0CA-8086-4365-BDAD-BD38047AA266}.Release|Any CPU.ActiveCfg = Release|Any CPU
		{B431E0CA-8086-4365-BDAD-BD38047AA266}.Release|Any CPU.Build.0 = Release|Any CPU
		{0BEF0C83-0497-493B-8EF5-8AE3DF017D97}.Debug|Any CPU.ActiveCfg = Debug|Any CPU
		{0BEF0C83-0497-493B-8EF5-8AE3DF017D97}.Debug|Any CPU.Build.0 = Debug|Any CPU
		{0BEF0C83-0497-493B-8EF5-8AE3DF017D97}.Release|Any CPU.ActiveCfg = Release|Any CPU
		{0BEF0C83-0497-493B-8EF5-8AE3DF017D97}.Release|Any CPU.Build.0 = Release|Any CPU
		{C8854A50-A9BA-445B-968F-56A8030DD3DE}.Debug|Any CPU.ActiveCfg = Debug|Any CPU
		{C8854A50-A9BA-445B-968F-56A8030DD3DE}.Debug|Any CPU.Build.0 = Debug|Any CPU
		{C8854A50-A9BA-445B-968F-56A8030DD3DE}.Release|Any CPU.ActiveCfg = Release|Any CPU
		{C8854A50-A9BA-445B-968F-56A8030DD3DE}.Release|Any CPU.Build.0 = Release|Any CPU
	EndGlobalSection
	GlobalSection(SolutionProperties) = preSolution
		HideSolutionNode = FALSE
	EndGlobalSection
	GlobalSection(ExtensibilityGlobals) = postSolution
		SolutionGuid = {D20A26C6-000E-44F6-A4DB-874EBDD0B774}
	EndGlobalSection
EndGlobal
